// !$*UTF8*$!
{
	archiveVersion = 1;
	classes = {
	};
	objectVersion = 50;
	objects = {

/* Begin PBXBuildFile section */
		510CBD38239B233700A8B660 /* AddEmailWindowController.m in Sources */ = {isa = PBXBuildFile; fileRef = 510CBD36239B233700A8B660 /* AddEmailWindowController.m */; };
		510CBD39239B233700A8B660 /* AddEmailWindowController.xib in Resources */ = {isa = PBXBuildFile; fileRef = 510CBD37239B233700A8B660 /* AddEmailWindowController.xib */; };
		510CBD3C239B39AB00A8B660 /* EmailManager.m in Sources */ = {isa = PBXBuildFile; fileRef = 510CBD3B239B39AB00A8B660 /* EmailManager.m */; };
		513A0335239AFB29001ABBE8 /* AppDelegate.m in Sources */ = {isa = PBXBuildFile; fileRef = 513A0334239AFB29001ABBE8 /* AppDelegate.m */; };
		513A0337239AFB2A001ABBE8 /* Assets.xcassets in Resources */ = {isa = PBXBuildFile; fileRef = 513A0336239AFB2A001ABBE8 /* Assets.xcassets */; };
		513A033A239AFB2A001ABBE8 /* MainMenu.xib in Resources */ = {isa = PBXBuildFile; fileRef = 513A0338239AFB2A001ABBE8 /* MainMenu.xib */; };
		513A033D239AFB2A001ABBE8 /* main.m in Sources */ = {isa = PBXBuildFile; fileRef = 513A033C239AFB2A001ABBE8 /* main.m */; };
		513A034A239B0717001ABBE8 /* email@2x.png in Resources */ = {isa = PBXBuildFile; fileRef = 513A0348239B0717001ABBE8 /* email@2x.png */; };
		513A034B239B0717001ABBE8 /* email.png in Resources */ = {isa = PBXBuildFile; fileRef = 513A0349239B0717001ABBE8 /* email.png */; };
		513A034E239B0812001ABBE8 /* email-highlighted.png in Resources */ = {isa = PBXBuildFile; fileRef = 513A034C239B0812001ABBE8 /* email-highlighted.png */; };
		513A034F239B0812001ABBE8 /* email-highlighted@2x.png in Resources */ = {isa = PBXBuildFile; fileRef = 513A034D239B0812001ABBE8 /* email-highlighted@2x.png */; };
/* End PBXBuildFile section */

/* Begin PBXFileReference section */
		510CBD35239B233700A8B660 /* AddEmailWindowController.h */ = {isa = PBXFileReference; lastKnownFileType = sourcecode.c.h; path = AddEmailWindowController.h; sourceTree = "<group>"; };
		510CBD36239B233700A8B660 /* AddEmailWindowController.m */ = {isa = PBXFileReference; lastKnownFileType = sourcecode.c.objc; path = AddEmailWindowController.m; sourceTree = "<group>"; };
		510CBD37239B233700A8B660 /* AddEmailWindowController.xib */ = {isa = PBXFileReference; lastKnownFileType = file.xib; path = AddEmailWindowController.xib; sourceTree = "<group>"; };
		510CBD3A239B39AB00A8B660 /* EmailManager.h */ = {isa = PBXFileReference; lastKnownFileType = sourcecode.c.h; path = EmailManager.h; sourceTree = "<group>"; };
		510CBD3B239B39AB00A8B660 /* EmailManager.m */ = {isa = PBXFileReference; lastKnownFileType = sourcecode.c.objc; path = EmailManager.m; sourceTree = "<group>"; };
		513A0330239AFB29001ABBE8 /* gmail.app */ = {isa = PBXFileReference; explicitFileType = wrapper.application; includeInIndex = 0; path = gmail.app; sourceTree = BUILT_PRODUCTS_DIR; };
		513A0333239AFB29001ABBE8 /* AppDelegate.h */ = {isa = PBXFileReference; lastKnownFileType = sourcecode.c.h; path = AppDelegate.h; sourceTree = "<group>"; };
		513A0334239AFB29001ABBE8 /* AppDelegate.m */ = {isa = PBXFileReference; lastKnownFileType = sourcecode.c.objc; path = AppDelegate.m; sourceTree = "<group>"; };
		513A0336239AFB2A001ABBE8 /* Assets.xcassets */ = {isa = PBXFileReference; lastKnownFileType = folder.assetcatalog; path = Assets.xcassets; sourceTree = "<group>"; };
		513A0339239AFB2A001ABBE8 /* Base */ = {isa = PBXFileReference; lastKnownFileType = file.xib; name = Base; path = Base.lproj/MainMenu.xib; sourceTree = "<group>"; };
		513A033B239AFB2A001ABBE8 /* Info.plist */ = {isa = PBXFileReference; lastKnownFileType = text.plist.xml; path = Info.plist; sourceTree = "<group>"; };
		513A033C239AFB2A001ABBE8 /* main.m */ = {isa = PBXFileReference; lastKnownFileType = sourcecode.c.objc; path = main.m; sourceTree = "<group>"; };
		513A033E239AFB2A001ABBE8 /* gmail.entitlements */ = {isa = PBXFileReference; lastKnownFileType = text.plist.entitlements; path = gmail.entitlements; sourceTree = "<group>"; };
		513A0348239B0717001ABBE8 /* email@2x.png */ = {isa = PBXFileReference; lastKnownFileType = image.png; path = "email@2x.png"; sourceTree = "<group>"; };
		513A0349239B0717001ABBE8 /* email.png */ = {isa = PBXFileReference; lastKnownFileType = image.png; path = email.png; sourceTree = "<group>"; };
		513A034C239B0812001ABBE8 /* email-highlighted.png */ = {isa = PBXFileReference; lastKnownFileType = image.png; path = "email-highlighted.png"; sourceTree = "<group>"; };
		513A034D239B0812001ABBE8 /* email-highlighted@2x.png */ = {isa = PBXFileReference; lastKnownFileType = image.png; path = "email-highlighted@2x.png"; sourceTree = "<group>"; };
/* End PBXFileReference section */

/* Begin PBXFrameworksBuildPhase section */
		513A032D239AFB29001ABBE8 /* Frameworks */ = {
			isa = PBXFrameworksBuildPhase;
			buildActionMask = 2147483647;
			files = (
			);
			runOnlyForDeploymentPostprocessing = 0;
		};
/* End PBXFrameworksBuildPhase section */

/* Begin PBXGroup section */
		513A0327239AFB29001ABBE8 = {
			isa = PBXGroup;
			children = (
				513A0332239AFB29001ABBE8 /* gmail */,
				513A0331239AFB29001ABBE8 /* Products */,
			);
			sourceTree = "<group>";
		};
		513A0331239AFB29001ABBE8 /* Products */ = {
			isa = PBXGroup;
			children = (
				513A0330239AFB29001ABBE8 /* gmail.app */,
			);
			name = Products;
			sourceTree = "<group>";
		};
		513A0332239AFB29001ABBE8 /* gmail */ = {
			isa = PBXGroup;
			children = (
				513A034C239B0812001ABBE8 /* email-highlighted.png */,
				513A034D239B0812001ABBE8 /* email-highlighted@2x.png */,
				513A0349239B0717001ABBE8 /* email.png */,
				513A0348239B0717001ABBE8 /* email@2x.png */,
				513A0333239AFB29001ABBE8 /* AppDelegate.h */,
				513A0334239AFB29001ABBE8 /* AppDelegate.m */,
				510CBD3A239B39AB00A8B660 /* EmailManager.h */,
				510CBD3B239B39AB00A8B660 /* EmailManager.m */,
				510CBD35239B233700A8B660 /* AddEmailWindowController.h */,
				510CBD36239B233700A8B660 /* AddEmailWindowController.m */,
				510CBD37239B233700A8B660 /* AddEmailWindowController.xib */,
				513A0336239AFB2A001ABBE8 /* Assets.xcassets */,
				513A0338239AFB2A001ABBE8 /* MainMenu.xib */,
				513A033B239AFB2A001ABBE8 /* Info.plist */,
				513A033C239AFB2A001ABBE8 /* main.m */,
				513A033E239AFB2A001ABBE8 /* gmail.entitlements */,
			);
			path = gmail;
			sourceTree = "<group>";
		};
/* End PBXGroup section */

/* Begin PBXNativeTarget section */
		513A032F239AFB29001ABBE8 /* gmail */ = {
			isa = PBXNativeTarget;
			buildConfigurationList = 513A0341239AFB2A001ABBE8 /* Build configuration list for PBXNativeTarget "gmail" */;
			buildPhases = (
				513A032C239AFB29001ABBE8 /* Sources */,
				513A032D239AFB29001ABBE8 /* Frameworks */,
				513A032E239AFB29001ABBE8 /* Resources */,
			);
			buildRules = (
			);
			dependencies = (
			);
			name = gmail;
			productName = gmail;
			productReference = 513A0330239AFB29001ABBE8 /* gmail.app */;
			productType = "com.apple.product-type.application";
		};
/* End PBXNativeTarget section */

/* Begin PBXProject section */
		513A0328239AFB29001ABBE8 /* Project object */ = {
			isa = PBXProject;
			attributes = {
				LastUpgradeCheck = 1120;
				ORGANIZATIONNAME = "Dillon Christensen";
				TargetAttributes = {
					513A032F239AFB29001ABBE8 = {
						CreatedOnToolsVersion = 11.2.1;
					};
				};
			};
			buildConfigurationList = 513A032B239AFB29001ABBE8 /* Build configuration list for PBXProject "gmail" */;
			compatibilityVersion = "Xcode 9.3";
			developmentRegion = en;
			hasScannedForEncodings = 0;
			knownRegions = (
				en,
				Base,
			);
			mainGroup = 513A0327239AFB29001ABBE8;
			productRefGroup = 513A0331239AFB29001ABBE8 /* Products */;
			projectDirPath = "";
			projectRoot = "";
			targets = (
				513A032F239AFB29001ABBE8 /* gmail */,
			);
		};
/* End PBXProject section */

/* Begin PBXResourcesBuildPhase section */
		513A032E239AFB29001ABBE8 /* Resources */ = {
			isa = PBXResourcesBuildPhase;
			buildActionMask = 2147483647;
			files = (
				513A0337239AFB2A001ABBE8 /* Assets.xcassets in Resources */,
				513A034E239B0812001ABBE8 /* email-highlighted.png in Resources */,
				513A034A239B0717001ABBE8 /* email@2x.png in Resources */,
				513A034B239B0717001ABBE8 /* email.png in Resources */,
				510CBD39239B233700A8B660 /* AddEmailWindowController.xib in Resources */,
				513A033A239AFB2A001ABBE8 /* MainMenu.xib in Resources */,
				513A034F239B0812001ABBE8 /* email-highlighted@2x.png in Resources */,
			);
			runOnlyForDeploymentPostprocessing = 0;
		};
/* End PBXResourcesBuildPhase section */

/* Begin PBXSourcesBuildPhase section */
		513A032C239AFB29001ABBE8 /* Sources */ = {
			isa = PBXSourcesBuildPhase;
			buildActionMask = 2147483647;
			files = (
				510CBD3C239B39AB00A8B660 /* EmailManager.m in Sources */,
				513A033D239AFB2A001ABBE8 /* main.m in Sources */,
				510CBD38239B233700A8B660 /* AddEmailWindowController.m in Sources */,
				513A0335239AFB29001ABBE8 /* AppDelegate.m in Sources */,
			);
			runOnlyForDeploymentPostprocessing = 0;
		};
/* End PBXSourcesBuildPhase section */

/* Begin PBXVariantGroup section */
		513A0338239AFB2A001ABBE8 /* MainMenu.xib */ = {
			isa = PBXVariantGroup;
			children = (
				513A0339239AFB2A001ABBE8 /* Base */,
			);
			name = MainMenu.xib;
			sourceTree = "<group>";
		};
/* End PBXVariantGroup section */

/* Begin XCBuildConfiguration section */
		513A033F239AFB2A001ABBE8 /* Debug */ = {
			isa = XCBuildConfiguration;
			buildSettings = {
				ALWAYS_SEARCH_USER_PATHS = NO;
				CLANG_ANALYZER_NONNULL = YES;
				CLANG_ANALYZER_NUMBER_OBJECT_CONVERSION = YES_AGGRESSIVE;
				CLANG_CXX_LANGUAGE_STANDARD = "gnu++14";
				CLANG_CXX_LIBRARY = "libc++";
				CLANG_ENABLE_MODULES = YES;
				CLANG_ENABLE_OBJC_ARC = YES;
				CLANG_ENABLE_OBJC_WEAK = YES;
				CLANG_WARN_BLOCK_CAPTURE_AUTORELEASING = YES;
				CLANG_WARN_BOOL_CONVERSION = YES;
				CLANG_WARN_COMMA = YES;
				CLANG_WARN_CONSTANT_CONVERSION = YES;
				CLANG_WARN_DEPRECATED_OBJC_IMPLEMENTATIONS = YES;
				CLANG_WARN_DIRECT_OBJC_ISA_USAGE = YES_ERROR;
				CLANG_WARN_DOCUMENTATION_COMMENTS = YES;
				CLANG_WARN_EMPTY_BODY = YES;
				CLANG_WARN_ENUM_CONVERSION = YES;
				CLANG_WARN_INFINITE_RECURSION = YES;
				CLANG_WARN_INT_CONVERSION = YES;
				CLANG_WARN_NON_LITERAL_NULL_CONVERSION = YES;
				CLANG_WARN_OBJC_IMPLICIT_RETAIN_SELF = YES;
				CLANG_WARN_OBJC_LITERAL_CONVERSION = YES;
				CLANG_WARN_OBJC_ROOT_CLASS = YES_ERROR;
				CLANG_WARN_RANGE_LOOP_ANALYSIS = YES;
				CLANG_WARN_STRICT_PROTOTYPES = YES;
				CLANG_WARN_SUSPICIOUS_MOVE = YES;
				CLANG_WARN_UNGUARDED_AVAILABILITY = YES_AGGRESSIVE;
				CLANG_WARN_UNREACHABLE_CODE = YES;
				CLANG_WARN__DUPLICATE_METHOD_MATCH = YES;
				COPY_PHASE_STRIP = NO;
				DEBUG_INFORMATION_FORMAT = dwarf;
				ENABLE_STRICT_OBJC_MSGSEND = YES;
				ENABLE_TESTABILITY = YES;
				GCC_C_LANGUAGE_STANDARD = gnu11;
				GCC_DYNAMIC_NO_PIC = NO;
				GCC_NO_COMMON_BLOCKS = YES;
				GCC_OPTIMIZATION_LEVEL = 0;
				GCC_PREPROCESSOR_DEFINITIONS = (
					"DEBUG=1",
					"$(inherited)",
				);
				GCC_WARN_64_TO_32_BIT_CONVERSION = YES;
				GCC_WARN_ABOUT_RETURN_TYPE = YES_ERROR;
				GCC_WARN_UNDECLARED_SELECTOR = YES;
				GCC_WARN_UNINITIALIZED_AUTOS = YES_AGGRESSIVE;
				GCC_WARN_UNUSED_FUNCTION = YES;
				GCC_WARN_UNUSED_VARIABLE = YES;
				MACOSX_DEPLOYMENT_TARGET = 10.15;
				MTL_ENABLE_DEBUG_INFO = INCLUDE_SOURCE;
				MTL_FAST_MATH = YES;
				ONLY_ACTIVE_ARCH = YES;
				SDKROOT = macosx;
			};
			name = Debug;
		};
		513A0340239AFB2A001ABBE8 /* Release */ = {
			isa = XCBuildConfiguration;
			buildSettings = {
				ALWAYS_SEARCH_USER_PATHS = NO;
				CLANG_ANALYZER_NONNULL = YES;
				CLANG_ANALYZER_NUMBER_OBJECT_CONVERSION = YES_AGGRESSIVE;
				CLANG_CXX_LANGUAGE_STANDARD = "gnu++14";
				CLANG_CXX_LIBRARY = "libc++";
				CLANG_ENABLE_MODULES = YES;
				CLANG_ENABLE_OBJC_ARC = YES;
				CLANG_ENABLE_OBJC_WEAK = YES;
				CLANG_WARN_BLOCK_CAPTURE_AUTORELEASING = YES;
				CLANG_WARN_BOOL_CONVERSION = YES;
				CLANG_WARN_COMMA = YES;
				CLANG_WARN_CONSTANT_CONVERSION = YES;
				CLANG_WARN_DEPRECATED_OBJC_IMPLEMENTATIONS = YES;
				CLANG_WARN_DIRECT_OBJC_ISA_USAGE = YES_ERROR;
				CLANG_WARN_DOCUMENTATION_COMMENTS = YES;
				CLANG_WARN_EMPTY_BODY = YES;
				CLANG_WARN_ENUM_CONVERSION = YES;
				CLANG_WARN_INFINITE_RECURSION = YES;
				CLANG_WARN_INT_CONVERSION = YES;
				CLANG_WARN_NON_LITERAL_NULL_CONVERSION = YES;
				CLANG_WARN_OBJC_IMPLICIT_RETAIN_SELF = YES;
				CLANG_WARN_OBJC_LITERAL_CONVERSION = YES;
				CLANG_WARN_OBJC_ROOT_CLASS = YES_ERROR;
				CLANG_WARN_RANGE_LOOP_ANALYSIS = YES;
				CLANG_WARN_STRICT_PROTOTYPES = YES;
				CLANG_WARN_SUSPICIOUS_MOVE = YES;
				CLANG_WARN_UNGUARDED_AVAILABILITY = YES_AGGRESSIVE;
				CLANG_WARN_UNREACHABLE_CODE = YES;
				CLANG_WARN__DUPLICATE_METHOD_MATCH = YES;
				COPY_PHASE_STRIP = NO;
				DEBUG_INFORMATION_FORMAT = "dwarf-with-dsym";
				ENABLE_NS_ASSERTIONS = NO;
				ENABLE_STRICT_OBJC_MSGSEND = YES;
				GCC_C_LANGUAGE_STANDARD = gnu11;
				GCC_NO_COMMON_BLOCKS = YES;
				GCC_WARN_64_TO_32_BIT_CONVERSION = YES;
				GCC_WARN_ABOUT_RETURN_TYPE = YES_ERROR;
				GCC_WARN_UNDECLARED_SELECTOR = YES;
				GCC_WARN_UNINITIALIZED_AUTOS = YES_AGGRESSIVE;
				GCC_WARN_UNUSED_FUNCTION = YES;
				GCC_WARN_UNUSED_VARIABLE = YES;
				MACOSX_DEPLOYMENT_TARGET = 10.15;
				MTL_ENABLE_DEBUG_INFO = NO;
				MTL_FAST_MATH = YES;
				SDKROOT = macosx;
			};
			name = Release;
		};
		513A0342239AFB2A001ABBE8 /* Debug */ = {
			isa = XCBuildConfiguration;
			buildSettings = {
				ASSETCATALOG_COMPILER_APPICON_NAME = AppIcon;
				CODE_SIGN_ENTITLEMENTS = gmail/gmail.entitlements;
				CODE_SIGN_STYLE = Automatic;
				COMBINE_HIDPI_IMAGES = YES;
				INFOPLIST_FILE = gmail/Info.plist;
				LD_RUNPATH_SEARCH_PATHS = (
					"$(inherited)",
					"@executable_path/../Frameworks",
				);
				PRODUCT_BUNDLE_IDENTIFIER = space.itch.gmail;
				PRODUCT_NAME = "$(TARGET_NAME)";
			};
			name = Debug;
		};
		513A0343239AFB2A001ABBE8 /* Release */ = {
			isa = XCBuildConfiguration;
			buildSettings = {
				ASSETCATALOG_COMPILER_APPICON_NAME = AppIcon;
				CODE_SIGN_ENTITLEMENTS = gmail/gmail.entitlements;
				CODE_SIGN_STYLE = Automatic;
				COMBINE_HIDPI_IMAGES = YES;
				INFOPLIST_FILE = gmail/Info.plist;
				LD_RUNPATH_SEARCH_PATHS = (
					"$(inherited)",
					"@executable_path/../Frameworks",
				);
				PRODUCT_BUNDLE_IDENTIFIER = space.itch.gmail;
				PRODUCT_NAME = "$(TARGET_NAME)";
			};
			name = Release;
		};
/* End XCBuildConfiguration section */

/* Begin XCConfigurationList section */
		513A032B239AFB29001ABBE8 /* Build configuration list for PBXProject "gmail" */ = {
			isa = XCConfigurationList;
			buildConfigurations = (
				513A033F239AFB2A001ABBE8 /* Debug */,
				513A0340239AFB2A001ABBE8 /* Release */,
			);
			defaultConfigurationIsVisible = 0;
			defaultConfigurationName = Release;
		};
		513A0341239AFB2A001ABBE8 /* Build configuration list for PBXNativeTarget "gmail" */ = {
			isa = XCConfigurationList;
			buildConfigurations = (
				513A0342239AFB2A001ABBE8 /* Debug */,
				513A0343239AFB2A001ABBE8 /* Release */,
			);
			defaultConfigurationIsVisible = 0;
			defaultConfigurationName = Release;
		};
/* End XCConfigurationList section */
	};
	rootObject = 513A0328239AFB29001ABBE8 /* Project object */;
}
